// !$*UTF8*$!
{
	archiveVersion = 1;
	classes = {
	};
	objectVersion = 77;
	objects = {

/* Begin PBXContainerItemProxy section */
		2F2809782D2AEAAF00ACD577 /* PBXContainerItemProxy */ = {
			isa = PBXContainerItemProxy;
			containerPortal = 2F28095F2D2AEAAD00ACD577 /* Project object */;
			proxyType = 1;
			remoteGlobalIDString = 2F2809662D2AEAAD00ACD577;
			remoteInfo = ViewModelPractice;
		};
		2F2809822D2AEAAF00ACD577 /* PBXContainerItemProxy */ = {
			isa = PBXContainerItemProxy;
			containerPortal = 2F28095F2D2AEAAD00ACD577 /* Project object */;
			proxyType = 1;
			remoteGlobalIDString = 2F2809662D2AEAAD00ACD577;
			remoteInfo = ViewModelPractice;
		};
/* End PBXContainerItemProxy section */

/* Begin PBXFileReference section */
		2F2809672D2AEAAD00ACD577 /* ViewModelPractice.app */ = {isa = PBXFileReference; explicitFileType = wrapper.application; includeInIndex = 0; path = ViewModelPractice.app; sourceTree = BUILT_PRODUCTS_DIR; };
		2F2809772D2AEAAF00ACD577 /* ViewModelPracticeTests.xctest */ = {isa = PBXFileReference; explicitFileType = wrapper.cfbundle; includeInIndex = 0; path = ViewModelPracticeTests.xctest; sourceTree = BUILT_PRODUCTS_DIR; };
		2F2809812D2AEAAF00ACD577 /* ViewModelPracticeUITests.xctest */ = {isa = PBXFileReference; explicitFileType = wrapper.cfbundle; includeInIndex = 0; path = ViewModelPracticeUITests.xctest; sourceTree = BUILT_PRODUCTS_DIR; };
/* End PBXFileReference section */

/* Begin PBXFileSystemSynchronizedRootGroup section */
		2F2809692D2AEAAD00ACD577 /* ViewModelPractice */ = {
			isa = PBXFileSystemSynchronizedRootGroup;
			path = ViewModelPractice;
			sourceTree = "<group>";
		};
		2F28097A2D2AEAAF00ACD577 /* ViewModelPracticeTests */ = {
			isa = PBXFileSystemSynchronizedRootGroup;
			path = ViewModelPracticeTests;
			sourceTree = "<group>";
		};
		2F2809842D2AEAAF00ACD577 /* ViewModelPracticeUITests */ = {
			isa = PBXFileSystemSynchronizedRootGroup;
			path = ViewModelPracticeUITests;
			sourceTree = "<group>";
		};
/* End PBXFileSystemSynchronizedRootGroup section */

/* Begin PBXFrameworksBuildPhase section */
		2F2809642D2AEAAD00ACD577 /* Frameworks */ = {
			isa = PBXFrameworksBuildPhase;
			buildActionMask = 2147483647;
			files = (
			);
			runOnlyForDeploymentPostprocessing = 0;
		};
		2F2809742D2AEAAF00ACD577 /* Frameworks */ = {
			isa = PBXFrameworksBuildPhase;
			buildActionMask = 2147483647;
			files = (
			);
			runOnlyForDeploymentPostprocessing = 0;
		};
		2F28097E2D2AEAAF00ACD577 /* Frameworks */ = {
			isa = PBXFrameworksBuildPhase;
			buildActionMask = 2147483647;
			files = (
			);
			runOnlyForDeploymentPostprocessing = 0;
		};
/* End PBXFrameworksBuildPhase section */

/* Begin PBXGroup section */
		2F28095E2D2AEAAD00ACD577 = {
			isa = PBXGroup;
			children = (
				2F2809692D2AEAAD00ACD577 /* ViewModelPractice */,
				2F28097A2D2AEAAF00ACD577 /* ViewModelPracticeTests */,
				2F2809842D2AEAAF00ACD577 /* ViewModelPracticeUITests */,
				2F2809682D2AEAAD00ACD577 /* Products */,
			);
			sourceTree = "<group>";
		};
		2F2809682D2AEAAD00ACD577 /* Products */ = {
			isa = PBXGroup;
			children = (
				2F2809672D2AEAAD00ACD577 /* ViewModelPractice.app */,
				2F2809772D2AEAAF00ACD577 /* ViewModelPracticeTests.xctest */,
				2F2809812D2AEAAF00ACD577 /* ViewModelPracticeUITests.xctest */,
			);
			name = Products;
			sourceTree = "<group>";
		};
/* End PBXGroup section */

/* Begin PBXNativeTarget section */
		2F2809662D2AEAAD00ACD577 /* ViewModelPractice */ = {
			isa = PBXNativeTarget;
			buildConfigurationList = 2F28098B2D2AEAAF00ACD577 /* Build configuration list for PBXNativeTarget "ViewModelPractice" */;
			buildPhases = (
				2F2809632D2AEAAD00ACD577 /* Sources */,
				2F2809642D2AEAAD00ACD577 /* Frameworks */,
				2F2809652D2AEAAD00ACD577 /* Resources */,
			);
			buildRules = (
			);
			dependencies = (
			);
			fileSystemSynchronizedGroups = (
				2F2809692D2AEAAD00ACD577 /* ViewModelPractice */,
			);
			name = ViewModelPractice;
			packageProductDependencies = (
			);
			productName = ViewModelPractice;
			productReference = 2F2809672D2AEAAD00ACD577 /* ViewModelPractice.app */;
			productType = "com.apple.product-type.application";
		};
		2F2809762D2AEAAF00ACD577 /* ViewModelPracticeTests */ = {
			isa = PBXNativeTarget;
			buildConfigurationList = 2F28098E2D2AEAAF00ACD577 /* Build configuration list for PBXNativeTarget "ViewModelPracticeTests" */;
			buildPhases = (
				2F2809732D2AEAAF00ACD577 /* Sources */,
				2F2809742D2AEAAF00ACD577 /* Frameworks */,
				2F2809752D2AEAAF00ACD577 /* Resources */,
			);
			buildRules = (
			);
			dependencies = (
				2F2809792D2AEAAF00ACD577 /* PBXTargetDependency */,
			);
			fileSystemSynchronizedGroups = (
				2F28097A2D2AEAAF00ACD577 /* ViewModelPracticeTests */,
			);
			name = ViewModelPracticeTests;
			packageProductDependencies = (
			);
			productName = ViewModelPracticeTests;
			productReference = 2F2809772D2AEAAF00ACD577 /* ViewModelPracticeTests.xctest */;
			productType = "com.apple.product-type.bundle.unit-test";
		};
		2F2809802D2AEAAF00ACD577 /* ViewModelPracticeUITests */ = {
			isa = PBXNativeTarget;
			buildConfigurationList = 2F2809912D2AEAAF00ACD577 /* Build configuration list for PBXNativeTarget "ViewModelPracticeUITests" */;
			buildPhases = (
				2F28097D2D2AEAAF00ACD577 /* Sources */,
				2F28097E2D2AEAAF00ACD577 /* Frameworks */,
				2F28097F2D2AEAAF00ACD577 /* Resources */,
			);
			buildRules = (
			);
			dependencies = (
				2F2809832D2AEAAF00ACD577 /* PBXTargetDependency */,
			);
			fileSystemSynchronizedGroups = (
				2F2809842D2AEAAF00ACD577 /* ViewModelPracticeUITests */,
			);
			name = ViewModelPracticeUITests;
			packageProductDependencies = (
			);
			productName = ViewModelPracticeUITests;
			productReference = 2F2809812D2AEAAF00ACD577 /* ViewModelPracticeUITests.xctest */;
			productType = "com.apple.product-type.bundle.ui-testing";
		};
/* End PBXNativeTarget section */

/* Begin PBXProject section */
		2F28095F2D2AEAAD00ACD577 /* Project object */ = {
			isa = PBXProject;
			attributes = {
				BuildIndependentTargetsInParallel = 1;
				LastSwiftUpdateCheck = 1620;
				LastUpgradeCheck = 1620;
				TargetAttributes = {
					2F2809662D2AEAAD00ACD577 = {
						CreatedOnToolsVersion = 16.2;
					};
					2F2809762D2AEAAF00ACD577 = {
						CreatedOnToolsVersion = 16.2;
						TestTargetID = 2F2809662D2AEAAD00ACD577;
					};
					2F2809802D2AEAAF00ACD577 = {
						CreatedOnToolsVersion = 16.2;
						TestTargetID = 2F2809662D2AEAAD00ACD577;
					};
				};
			};
			buildConfigurationList = 2F2809622D2AEAAD00ACD577 /* Build configuration list for PBXProject "ViewModelPractice" */;
			developmentRegion = en;
			hasScannedForEncodings = 0;
			knownRegions = (
				en,
				Base,
			);
			mainGroup = 2F28095E2D2AEAAD00ACD577;
			minimizedProjectReferenceProxies = 1;
			preferredProjectObjectVersion = 77;
			productRefGroup = 2F2809682D2AEAAD00ACD577 /* Products */;
			projectDirPath = "";
			projectRoot = "";
			targets = (
				2F2809662D2AEAAD00ACD577 /* ViewModelPractice */,
				2F2809762D2AEAAF00ACD577 /* ViewModelPracticeTests */,
				2F2809802D2AEAAF00ACD577 /* ViewModelPracticeUITests */,
			);
		};
/* End PBXProject section */

/* Begin PBXResourcesBuildPhase section */
		2F2809652D2AEAAD00ACD577 /* Resources */ = {
			isa = PBXResourcesBuildPhase;
			buildActionMask = 2147483647;
			files = (
			);
			runOnlyForDeploymentPostprocessing = 0;
		};
		2F2809752D2AEAAF00ACD577 /* Resources */ = {
			isa = PBXResourcesBuildPhase;
			buildActionMask = 2147483647;
			files = (
			);
			runOnlyForDeploymentPostprocessing = 0;
		};
		2F28097F2D2AEAAF00ACD577 /* Resources */ = {
			isa = PBXResourcesBuildPhase;
			buildActionMask = 2147483647;
			files = (
			);
			runOnlyForDeploymentPostprocessing = 0;
		};
/* End PBXResourcesBuildPhase section */

/* Begin PBXSourcesBuildPhase section */
		2F2809632D2AEAAD00ACD577 /* Sources */ = {
			isa = PBXSourcesBuildPhase;
			buildActionMask = 2147483647;
			files = (
			);
			runOnlyForDeploymentPostprocessing = 0;
		};
		2F2809732D2AEAAF00ACD577 /* Sources */ = {
			isa = PBXSourcesBuildPhase;
			buildActionMask = 2147483647;
			files = (
			);
			runOnlyForDeploymentPostprocessing = 0;
		};
		2F28097D2D2AEAAF00ACD577 /* Sources */ = {
			isa = PBXSourcesBuildPhase;
			buildActionMask = 2147483647;
			files = (
			);
			runOnlyForDeploymentPostprocessing = 0;
		};
/* End PBXSourcesBuildPhase section */

/* Begin PBXTargetDependency section */
		2F2809792D2AEAAF00ACD577 /* PBXTargetDependency */ = {
			isa = PBXTargetDependency;
			target = 2F2809662D2AEAAD00ACD577 /* ViewModelPractice */;
			targetProxy = 2F2809782D2AEAAF00ACD577 /* PBXContainerItemProxy */;
		};
		2F2809832D2AEAAF00ACD577 /* PBXTargetDependency */ = {
			isa = PBXTargetDependency;
			target = 2F2809662D2AEAAD00ACD577 /* ViewModelPractice */;
			targetProxy = 2F2809822D2AEAAF00ACD577 /* PBXContainerItemProxy */;
		};
/* End PBXTargetDependency section */

/* Begin XCBuildConfiguration section */
		2F2809892D2AEAAF00ACD577 /* Debug */ = {
			isa = XCBuildConfiguration;
			buildSettings = {
				ALWAYS_SEARCH_USER_PATHS = NO;
				ASSETCATALOG_COMPILER_GENERATE_SWIFT_ASSET_SYMBOL_EXTENSIONS = YES;
				CLANG_ANALYZER_NONNULL = YES;
				CLANG_ANALYZER_NUMBER_OBJECT_CONVERSION = YES_AGGRESSIVE;
				CLANG_CXX_LANGUAGE_STANDARD = "gnu++20";
				CLANG_ENABLE_MODULES = YES;
				CLANG_ENABLE_OBJC_ARC = YES;
				CLANG_ENABLE_OBJC_WEAK = YES;
				CLANG_WARN_BLOCK_CAPTURE_AUTORELEASING = YES;
				CLANG_WARN_BOOL_CONVERSION = YES;
				CLANG_WARN_COMMA = YES;
				CLANG_WARN_CONSTANT_CONVERSION = YES;
				CLANG_WARN_DEPRECATED_OBJC_IMPLEMENTATIONS = YES;
				CLANG_WARN_DIRECT_OBJC_ISA_USAGE = YES_ERROR;
				CLANG_WARN_DOCUMENTATION_COMMENTS = YES;
				CLANG_WARN_EMPTY_BODY = YES;
				CLANG_WARN_ENUM_CONVERSION = YES;
				CLANG_WARN_INFINITE_RECURSION = YES;
				CLANG_WARN_INT_CONVERSION = YES;
				CLANG_WARN_NON_LITERAL_NULL_CONVERSION = YES;
				CLANG_WARN_OBJC_IMPLICIT_RETAIN_SELF = YES;
				CLANG_WARN_OBJC_LITERAL_CONVERSION = YES;
				CLANG_WARN_OBJC_ROOT_CLASS = YES_ERROR;
				CLANG_WARN_QUOTED_INCLUDE_IN_FRAMEWORK_HEADER = YES;
				CLANG_WARN_RANGE_LOOP_ANALYSIS = YES;
				CLANG_WARN_STRICT_PROTOTYPES = YES;
				CLANG_WARN_SUSPICIOUS_MOVE = YES;
				CLANG_WARN_UNGUARDED_AVAILABILITY = YES_AGGRESSIVE;
				CLANG_WARN_UNREACHABLE_CODE = YES;
				CLANG_WARN__DUPLICATE_METHOD_MATCH = YES;
				COPY_PHASE_STRIP = NO;
				DEBUG_INFORMATION_FORMAT = dwarf;
				ENABLE_STRICT_OBJC_MSGSEND = YES;
				ENABLE_TESTABILITY = YES;
				ENABLE_USER_SCRIPT_SANDBOXING = YES;
				GCC_C_LANGUAGE_STANDARD = gnu17;
				GCC_DYNAMIC_NO_PIC = NO;
				GCC_NO_COMMON_BLOCKS = YES;
				GCC_OPTIMIZATION_LEVEL = 0;
				GCC_PREPROCESSOR_DEFINITIONS = (
					"DEBUG=1",
					"$(inherited)",
				);
				GCC_WARN_64_TO_32_BIT_CONVERSION = YES;
				GCC_WARN_ABOUT_RETURN_TYPE = YES_ERROR;
				GCC_WARN_UNDECLARED_SELECTOR = YES;
				GCC_WARN_UNINITIALIZED_AUTOS = YES_AGGRESSIVE;
				GCC_WARN_UNUSED_FUNCTION = YES;
				GCC_WARN_UNUSED_VARIABLE = YES;
				IPHONEOS_DEPLOYMENT_TARGET = 18.2;
				LOCALIZATION_PREFERS_STRING_CATALOGS = YES;
				MTL_ENABLE_DEBUG_INFO = INCLUDE_SOURCE;
				MTL_FAST_MATH = YES;
				ONLY_ACTIVE_ARCH = YES;
				SDKROOT = iphoneos;
				SWIFT_ACTIVE_COMPILATION_CONDITIONS = "DEBUG $(inherited)";
				SWIFT_OPTIMIZATION_LEVEL = "-Onone";
			};
			name = Debug;
		};
		2F28098A2D2AEAAF00ACD577 /* Release */ = {
			isa = XCBuildConfiguration;
			buildSettings = {
				ALWAYS_SEARCH_USER_PATHS = NO;
				ASSETCATALOG_COMPILER_GENERATE_SWIFT_ASSET_SYMBOL_EXTENSIONS = YES;
				CLANG_ANALYZER_NONNULL = YES;
				CLANG_ANALYZER_NUMBER_OBJECT_CONVERSION = YES_AGGRESSIVE;
				CLANG_CXX_LANGUAGE_STANDARD = "gnu++20";
				CLANG_ENABLE_MODULES = YES;
				CLANG_ENABLE_OBJC_ARC = YES;
				CLANG_ENABLE_OBJC_WEAK = YES;
				CLANG_WARN_BLOCK_CAPTURE_AUTORELEASING = YES;
				CLANG_WARN_BOOL_CONVERSION = YES;
				CLANG_WARN_COMMA = YES;
				CLANG_WARN_CONSTANT_CONVERSION = YES;
				CLANG_WARN_DEPRECATED_OBJC_IMPLEMENTATIONS = YES;
				CLANG_WARN_DIRECT_OBJC_ISA_USAGE = YES_ERROR;
				CLANG_WARN_DOCUMENTATION_COMMENTS = YES;
				CLANG_WARN_EMPTY_BODY = YES;
				CLANG_WARN_ENUM_CONVERSION = YES;
				CLANG_WARN_INFINITE_RECURSION = YES;
				CLANG_WARN_INT_CONVERSION = YES;
				CLANG_WARN_NON_LITERAL_NULL_CONVERSION = YES;
				CLANG_WARN_OBJC_IMPLICIT_RETAIN_SELF = YES;
				CLANG_WARN_OBJC_LITERAL_CONVERSION = YES;
				CLANG_WARN_OBJC_ROOT_CLASS = YES_ERROR;
				CLANG_WARN_QUOTED_INCLUDE_IN_FRAMEWORK_HEADER = YES;
				CLANG_WARN_RANGE_LOOP_ANALYSIS = YES;
				CLANG_WARN_STRICT_PROTOTYPES = YES;
				CLANG_WARN_SUSPICIOUS_MOVE = YES;
				CLANG_WARN_UNGUARDED_AVAILABILITY = YES_AGGRESSIVE;
				CLANG_WARN_UNREACHABLE_CODE = YES;
				CLANG_WARN__DUPLICATE_METHOD_MATCH = YES;
				COPY_PHASE_STRIP = NO;
				DEBUG_INFORMATION_FORMAT = "dwarf-with-dsym";
				ENABLE_NS_ASSERTIONS = NO;
				ENABLE_STRICT_OBJC_MSGSEND = YES;
				ENABLE_USER_SCRIPT_SANDBOXING = YES;
				GCC_C_LANGUAGE_STANDARD = gnu17;
				GCC_NO_COMMON_BLOCKS = YES;
				GCC_WARN_64_TO_32_BIT_CONVERSION = YES;
				GCC_WARN_ABOUT_RETURN_TYPE = YES_ERROR;
				GCC_WARN_UNDECLARED_SELECTOR = YES;
				GCC_WARN_UNINITIALIZED_AUTOS = YES_AGGRESSIVE;
				GCC_WARN_UNUSED_FUNCTION = YES;
				GCC_WARN_UNUSED_VARIABLE = YES;
				IPHONEOS_DEPLOYMENT_TARGET = 18.2;
				LOCALIZATION_PREFERS_STRING_CATALOGS = YES;
				MTL_ENABLE_DEBUG_INFO = NO;
				MTL_FAST_MATH = YES;
				SDKROOT = iphoneos;
				SWIFT_COMPILATION_MODE = wholemodule;
				VALIDATE_PRODUCT = YES;
			};
			name = Release;
		};
		2F28098C2D2AEAAF00ACD577 /* Debug */ = {
			isa = XCBuildConfiguration;
			buildSettings = {
				ASSETCATALOG_COMPILER_APPICON_NAME = AppIcon;
				ASSETCATALOG_COMPILER_GLOBAL_ACCENT_COLOR_NAME = AccentColor;
				CODE_SIGN_STYLE = Automatic;
				CURRENT_PROJECT_VERSION = 1;
				DEVELOPMENT_ASSET_PATHS = "\"ViewModelPractice/Preview Content\"";
				ENABLE_PREVIEWS = YES;
				GENERATE_INFOPLIST_FILE = YES;
				INFOPLIST_KEY_UIApplicationSceneManifest_Generation = YES;
				INFOPLIST_KEY_UIApplicationSupportsIndirectInputEvents = YES;
				INFOPLIST_KEY_UILaunchScreen_Generation = YES;
				INFOPLIST_KEY_UISupportedInterfaceOrientations_iPad = "UIInterfaceOrientationPortrait UIInterfaceOrientationPortraitUpsideDown UIInterfaceOrientationLandscapeLeft UIInterfaceOrientationLandscapeRight";
				INFOPLIST_KEY_UISupportedInterfaceOrientations_iPhone = "UIInterfaceOrientationPortrait UIInterfaceOrientationLandscapeLeft UIInterfaceOrientationLandscapeRight";
				LD_RUNPATH_SEARCH_PATHS = (
					"$(inherited)",
					"@executable_path/Frameworks",
				);
				MARKETING_VERSION = 1.0;
				PRODUCT_BUNDLE_IDENTIFIER = com.luqman.hakim.ViewModelPractice;
				PRODUCT_NAME = "$(TARGET_NAME)";
				SWIFT_EMIT_LOC_STRINGS = YES;
				SWIFT_VERSION = 5.0;
				TARGETED_DEVICE_FAMILY = "1,2";
			};
			name = Debug;
		};
		2F28098D2D2AEAAF00ACD577 /* Release */ = {
			isa = XCBuildConfiguration;
			buildSettings = {
				ASSETCATALOG_COMPILER_APPICON_NAME = AppIcon;
				ASSETCATALOG_COMPILER_GLOBAL_ACCENT_COLOR_NAME = AccentColor;
				CODE_SIGN_STYLE = Automatic;
				CURRENT_PROJECT_VERSION = 1;
				DEVELOPMENT_ASSET_PATHS = "\"ViewModelPractice/Preview Content\"";
				ENABLE_PREVIEWS = YES;
				GENERATE_INFOPLIST_FILE = YES;
				INFOPLIST_KEY_UIApplicationSceneManifest_Generation = YES;
				INFOPLIST_KEY_UIApplicationSupportsIndirectInputEvents = YES;
				INFOPLIST_KEY_UILaunchScreen_Generation = YES;
				INFOPLIST_KEY_UISupportedInterfaceOrientations_iPad = "UIInterfaceOrientationPortrait UIInterfaceOrientationPortraitUpsideDown UIInterfaceOrientationLandscapeLeft UIInterfaceOrientationLandscapeRight";
				INFOPLIST_KEY_UISupportedInterfaceOrientations_iPhone = "UIInterfaceOrientationPortrait UIInterfaceOrientationLandscapeLeft UIInterfaceOrientationLandscapeRight";
				LD_RUNPATH_SEARCH_PATHS = (
					"$(inherited)",
					"@executable_path/Frameworks",
				);
				MARKETING_VERSION = 1.0;
				PRODUCT_BUNDLE_IDENTIFIER = com.luqman.hakim.ViewModelPractice;
				PRODUCT_NAME = "$(TARGET_NAME)";
				SWIFT_EMIT_LOC_STRINGS = YES;
				SWIFT_VERSION = 5.0;
				TARGETED_DEVICE_FAMILY = "1,2";
			};
			name = Release;
		};
		2F28098F2D2AEAAF00ACD577 /* Debug */ = {
			isa = XCBuildConfiguration;
			buildSettings = {
				BUNDLE_LOADER = "$(TEST_HOST)";
				CODE_SIGN_STYLE = Automatic;
				CURRENT_PROJECT_VERSION = 1;
				GENERATE_INFOPLIST_FILE = YES;
				IPHONEOS_DEPLOYMENT_TARGET = 18.2;
				MARKETING_VERSION = 1.0;
				PRODUCT_BUNDLE_IDENTIFIER = com.luqman.hakim.ViewModelPracticeTests;
				PRODUCT_NAME = "$(TARGET_NAME)";
				SWIFT_EMIT_LOC_STRINGS = NO;
				SWIFT_VERSION = 5.0;
				TARGETED_DEVICE_FAMILY = "1,2";
				TEST_HOST = "$(BUILT_PRODUCTS_DIR)/ViewModelPractice.app/$(BUNDLE_EXECUTABLE_FOLDER_PATH)/ViewModelPractice";
			};
			name = Debug;
		};
		2F2809902D2AEAAF00ACD577 /* Release */ = {
			isa = XCBuildConfiguration;
			buildSettings = {
				BUNDLE_LOADER = "$(TEST_HOST)";
				CODE_SIGN_STYLE = Automatic;
				CURRENT_PROJECT_VERSION = 1;
				GENERATE_INFOPLIST_FILE = YES;
				IPHONEOS_DEPLOYMENT_TARGET = 18.2;
				MARKETING_VERSION = 1.0;
				PRODUCT_BUNDLE_IDENTIFIER = com.luqman.hakim.ViewModelPracticeTests;
				PRODUCT_NAME = "$(TARGET_NAME)";
				SWIFT_EMIT_LOC_STRINGS = NO;
				SWIFT_VERSION = 5.0;
				TARGETED_DEVICE_FAMILY = "1,2";
				TEST_HOST = "$(BUILT_PRODUCTS_DIR)/ViewModelPractice.app/$(BUNDLE_EXECUTABLE_FOLDER_PATH)/ViewModelPractice";
			};
			name = Release;
		};
		2F2809922D2AEAAF00ACD577 /* Debug */ = {
			isa = XCBuildConfiguration;
			buildSettings = {
				CODE_SIGN_STYLE = Automatic;
				CURRENT_PROJECT_VERSION = 1;
				GENERATE_INFOPLIST_FILE = YES;
				MARKETING_VERSION = 1.0;
				PRODUCT_BUNDLE_IDENTIFIER = com.luqman.hakim.ViewModelPracticeUITests;
				PRODUCT_NAME = "$(TARGET_NAME)";
				SWIFT_EMIT_LOC_STRINGS = NO;
				SWIFT_VERSION = 5.0;
				TARGETED_DEVICE_FAMILY = "1,2";
				TEST_TARGET_NAME = ViewModelPractice;
			};
			name = Debug;
		};
		2F2809932D2AEAAF00ACD577 /* Release */ = {
			isa = XCBuildConfiguration;
			buildSettings = {
				CODE_SIGN_STYLE = Automatic;
				CURRENT_PROJECT_VERSION = 1;
				GENERATE_INFOPLIST_FILE = YES;
				MARKETING_VERSION = 1.0;
				PRODUCT_BUNDLE_IDENTIFIER = com.luqman.hakim.ViewModelPracticeUITests;
				PRODUCT_NAME = "$(TARGET_NAME)";
				SWIFT_EMIT_LOC_STRINGS = NO;
				SWIFT_VERSION = 5.0;
				TARGETED_DEVICE_FAMILY = "1,2";
				TEST_TARGET_NAME = ViewModelPractice;
			};
			name = Release;
		};
/* End XCBuildConfiguration section */

/* Begin XCConfigurationList section */
		2F2809622D2AEAAD00ACD577 /* Build configuration list for PBXProject "ViewModelPractice" */ = {
			isa = XCConfigurationList;
			buildConfigurations = (
				2F2809892D2AEAAF00ACD577 /* Debug */,
				2F28098A2D2AEAAF00ACD577 /* Release */,
			);
			defaultConfigurationIsVisible = 0;
			defaultConfigurationName = Release;
		};
		2F28098B2D2AEAAF00ACD577 /* Build configuration list for PBXNativeTarget "ViewModelPractice" */ = {
			isa = XCConfigurationList;
			buildConfigurations = (
				2F28098C2D2AEAAF00ACD577 /* Debug */,
				2F28098D2D2AEAAF00ACD577 /* Release */,
			);
			defaultConfigurationIsVisible = 0;
			defaultConfigurationName = Release;
		};
		2F28098E2D2AEAAF00ACD577 /* Build configuration list for PBXNativeTarget "ViewModelPracticeTests" */ = {
			isa = XCConfigurationList;
			buildConfigurations = (
				2F28098F2D2AEAAF00ACD577 /* Debug */,
				2F2809902D2AEAAF00ACD577 /* Release */,
			);
			defaultConfigurationIsVisible = 0;
			defaultConfigurationName = Release;
		};
		2F2809912D2AEAAF00ACD577 /* Build configuration list for PBXNativeTarget "ViewModelPracticeUITests" */ = {
			isa = XCConfigurationList;
			buildConfigurations = (
				2F2809922D2AEAAF00ACD577 /* Debug */,
				2F2809932D2AEAAF00ACD577 /* Release */,
			);
			defaultConfigurationIsVisible = 0;
			defaultConfigurationName = Release;
		};
/* End XCConfigurationList section */
	};
	rootObject = 2F28095F2D2AEAAD00ACD577 /* Project object */;
}
